
Microsoft Visual Studio Solution File, Format Version 10.00
# Visual C# Express 2008
Project("{FAE04EC0-301F-11D3-BF4B-00C04F79EFBC}") = "AMP_Client_Console", "AMP_Client_Console\AMP_Client_Console.csproj", "{3B7D77F2-5092-44CB-9B58-EFDB692F5474}"
EndProject
Project("{FAE04EC0-301F-11D3-BF4B-00C04F79EFBC}") = "Amplifier_Helpers", "Amplifier_Helpers\Amplifier_Helpers.csproj", "{38A3FEB6-287D-4357-9558-EE3066B1749D}"
EndProject
Global
	GlobalSection(SolutionConfigurationPlatforms) = preSolution
		Debug|Any CPU = Debug|Any CPU
		Release|Any CPU = Release|Any CPU
	EndGlobalSection
	GlobalSection(ProjectConfigurationPlatforms) = postSolution
		{3B7D77F2-5092-44CB-9B58-EFDB692F5474}.Debug|Any CPU.ActiveCfg = Debug|Any CPU
		{3B7D77F2-5092-44CB-9B58-EFDB692F5474}.Debug|Any CPU.Build.0 = Debug|Any CPU
		{3B7D77F2-5092-44CB-9B58-EFDB692F5474}.Release|Any CPU.ActiveCfg = Release|Any CPU
		{3B7D77F2-5092-44CB-9B58-EFDB692F5474}.Release|Any CPU.Build.0 = Release|Any CPU
		{38A3FEB6-287D-4357-9558-EE3066B1749D}.Debug|Any CPU.ActiveCfg = Debug|Any CPU
		{38A3FEB6-287D-4357-9558-EE3066B1749D}.Debug|Any CPU.Build.0 = Debug|Any CPU
		{38A3FEB6-287D-4357-9558-EE3066B1749D}.Release|Any CPU.ActiveCfg = Release|Any CPU
		{38A3FEB6-287D-4357-9558-EE3066B1749D}.Release|Any CPU.Build.0 = Release|Any CPU
	EndGlobalSection
	GlobalSection(SolutionProperties) = preSolution
		HideSolutionNode = FALSE
	EndGlobalSection
EndGlobal
